
Microsoft Visual Studio Solution File, Format Version 12.00
# Visual Studio Version 17
VisualStudioVersion = 17.13.35931.197 d17.13
MinimumVisualStudioVersion = 10.0.40219.1
Project("{FAE04EC0-301F-11D3-BF4B-00C04F79EFBC}") = "EmployeeAdminPortal", "EmployeeAdminPortal\EmployeeAdminPortal.csproj", "{7EA10FBE-5737-4F4C-9F4F-06CACA27A56F}"
EndProject
Global
	GlobalSection(SolutionConfigurationPlatforms) = preSolution
		Debug|Any CPU = Debug|Any CPU
		Release|Any CPU = Release|Any CPU
	EndGlobalSection
	GlobalSection(ProjectConfigurationPlatforms) = postSolution
		{7EA10FBE-5737-4F4C-9F4F-06CACA27A56F}.Debug|Any CPU.ActiveCfg = Debug|Any CPU
		{7EA10FBE-5737-4F4C-9F4F-06CACA27A56F}.Debug|Any CPU.Build.0 = Debug|Any CPU
		{7EA10FBE-5737-4F4C-9F4F-06CACA27A56F}.Release|Any CPU.ActiveCfg = Release|Any CPU
		{7EA10FBE-5737-4F4C-9F4F-06CACA27A56F}.Release|Any CPU.Build.0 = Release|Any CPU
	EndGlobalSection
	GlobalSection(SolutionProperties) = preSolution
		HideSolutionNode = FALSE
	EndGlobalSection
	GlobalSection(ExtensibilityGlobals) = postSolution
		SolutionGuid = {4493EC57-896B-437E-BB93-BA05C9A23517}
	EndGlobalSection
EndGlobal
